{
  "name": "polar",
  "version": "0.0.1",
  "lockfileVersion": 2,
  "requires": true,
  "packages": {
    "": {
      "name": "polar",
      "version": "0.0.1",
      "license": "ISC",
      "dependencies": {
        "naat-eslintrc": "github:neuroanatomy/naat-eslintrc"
      }
    },
    "node_modules/naat-eslintrc": {
      "version": "0.0.1",
      "resolved": "git+ssh://git@github.com/neuroanatomy/naat-eslintrc.git#d63e4a5003a05d196cceba0cb48c6a9c034622dd",
      "license": "ISC"
    }
  },
  "dependencies": {
    "naat-eslintrc": {
      "version": "git+ssh://git@github.com/neuroanatomy/naat-eslintrc.git#d63e4a5003a05d196cceba0cb48c6a9c034622dd",
      "from": "naat-eslintrc@github:neuroanatomy/naat-eslintrc"
    }
  }
}
